
Microsoft Visual Studio Solution File, Format Version 12.00
# Visual Studio Version 17
VisualStudioVersion = 17.4.33213.308
MinimumVisualStudioVersion = 10.0.40219.1
Project("{FAE04EC0-301F-11D3-BF4B-00C04F79EFBC}") = "project-u5", "project-u5\project-u5.csproj", "{03ED65F9-D4EB-4E02-896F-DDD68FA907D0}"
EndProject
Global
	GlobalSection(SolutionConfigurationPlatforms) = preSolution
		Debug|Any CPU = Debug|Any CPU
		Release|Any CPU = Release|Any CPU
	EndGlobalSection
	GlobalSection(ProjectConfigurationPlatforms) = postSolution
		{03ED65F9-D4EB-4E02-896F-DDD68FA907D0}.Debug|Any CPU.ActiveCfg = Debug|Any CPU
		{03ED65F9-D4EB-4E02-896F-DDD68FA907D0}.Debug|Any CPU.Build.0 = Debug|Any CPU
		{03ED65F9-D4EB-4E02-896F-DDD68FA907D0}.Release|Any CPU.ActiveCfg = Release|Any CPU
		{03ED65F9-D4EB-4E02-896F-DDD68FA907D0}.Release|Any CPU.Build.0 = Release|Any CPU
	EndGlobalSection
	GlobalSection(SolutionProperties) = preSolution
		HideSolutionNode = FALSE
	EndGlobalSection
	GlobalSection(ExtensibilityGlobals) = postSolution
		SolutionGuid = {F1CBF2D1-4E59-4C4D-9F14-866A43CE7590}
	EndGlobalSection
EndGlobal
